
Microsoft Visual Studio Solution File, Format Version 12.00
# Visual Studio 14
VisualStudioVersion = 14.0.25123.0
MinimumVisualStudioVersion = 10.0.40219.1
Project("{FAE04EC0-301F-11D3-BF4B-00C04F79EFBC}") = "wcfServerApp", "wcfServerApp\wcfServerApp.csproj", "{F040BB48-12DB-406E-B9AD-6ADA56B392B1}"
	ProjectSection(ProjectDependencies) = postProject
		{355B027C-1A0C-44F8-BC40-0E3D3121698B} = {355B027C-1A0C-44F8-BC40-0E3D3121698B}
	EndProjectSection
EndProject
Project("{FAE04EC0-301F-11D3-BF4B-00C04F79EFBC}") = "Install", "Whatever\Install.csproj", "{271ED812-87CB-4A81-92BE-8C9C6D35249C}"
EndProject
Project("{2150E333-8FDC-42A3-9474-1A3956D46DE8}") = "Solution Items", "Solution Items", "{5D8F51A2-E3A6-4A43-8612-A95569F8AAAF}"
EndProject
Project("{FAE04EC0-301F-11D3-BF4B-00C04F79EFBC}") = "wpfClient", "wpfClient\wpfClient.csproj", "{3CDD89CC-0A64-4875-8BB0-99C968AD43B5}"
	ProjectSection(ProjectDependencies) = postProject
		{355B027C-1A0C-44F8-BC40-0E3D3121698B} = {355B027C-1A0C-44F8-BC40-0E3D3121698B}
	EndProjectSection
EndProject
Project("{FAE04EC0-301F-11D3-BF4B-00C04F79EFBC}") = "sharedObjects", "sharedObjects\sharedObjects.csproj", "{355B027C-1A0C-44F8-BC40-0E3D3121698B}"
EndProject
Project("{8BC9CEB8-8B4A-11D0-8D11-00A0C91BC942}") = "BenchmarkDLL", "BenchmarkDLL\BenchmarkDLL.vcxproj", "{88317055-2F7B-435A-9E3A-2BC33016859D}"
EndProject
Global
	GlobalSection(SolutionConfigurationPlatforms) = preSolution
		Debug|Any CPU = Debug|Any CPU
		Debug|x64 = Debug|x64
		Debug|x86 = Debug|x86
		Release|Any CPU = Release|Any CPU
		Release|x64 = Release|x64
		Release|x86 = Release|x86
	EndGlobalSection
	GlobalSection(ProjectConfigurationPlatforms) = postSolution
		{F040BB48-12DB-406E-B9AD-6ADA56B392B1}.Debug|Any CPU.ActiveCfg = Debug|Any CPU
		{F040BB48-12DB-406E-B9AD-6ADA56B392B1}.Debug|Any CPU.Build.0 = Debug|Any CPU
		{F040BB48-12DB-406E-B9AD-6ADA56B392B1}.Debug|x64.ActiveCfg = Debug|Any CPU
		{F040BB48-12DB-406E-B9AD-6ADA56B392B1}.Debug|x64.Build.0 = Debug|Any CPU
		{F040BB48-12DB-406E-B9AD-6ADA56B392B1}.Debug|x86.ActiveCfg = Debug|Any CPU
		{F040BB48-12DB-406E-B9AD-6ADA56B392B1}.Debug|x86.Build.0 = Debug|Any CPU
		{F040BB48-12DB-406E-B9AD-6ADA56B392B1}.Release|Any CPU.ActiveCfg = Release|Any CPU
		{F040BB48-12DB-406E-B9AD-6ADA56B392B1}.Release|Any CPU.Build.0 = Release|Any CPU
		{F040BB48-12DB-406E-B9AD-6ADA56B392B1}.Release|x64.ActiveCfg = Release|Any CPU
		{F040BB48-12DB-406E-B9AD-6ADA56B392B1}.Release|x64.Build.0 = Release|Any CPU
		{F040BB48-12DB-406E-B9AD-6ADA56B392B1}.Release|x86.ActiveCfg = Release|Any CPU
		{F040BB48-12DB-406E-B9AD-6ADA56B392B1}.Release|x86.Build.0 = Release|Any CPU
		{271ED812-87CB-4A81-92BE-8C9C6D35249C}.Debug|Any CPU.ActiveCfg = Debug|Any CPU
		{271ED812-87CB-4A81-92BE-8C9C6D35249C}.Debug|Any CPU.Build.0 = Debug|Any CPU
		{271ED812-87CB-4A81-92BE-8C9C6D35249C}.Debug|x64.ActiveCfg = Debug|Any CPU
		{271ED812-87CB-4A81-92BE-8C9C6D35249C}.Debug|x64.Build.0 = Debug|Any CPU
		{271ED812-87CB-4A81-92BE-8C9C6D35249C}.Debug|x86.ActiveCfg = Debug|Any CPU
		{271ED812-87CB-4A81-92BE-8C9C6D35249C}.Debug|x86.Build.0 = Debug|Any CPU
		{271ED812-87CB-4A81-92BE-8C9C6D35249C}.Release|Any CPU.ActiveCfg = Release|Any CPU
		{271ED812-87CB-4A81-92BE-8C9C6D35249C}.Release|Any CPU.Build.0 = Release|Any CPU
		{271ED812-87CB-4A81-92BE-8C9C6D35249C}.Release|x64.ActiveCfg = Release|Any CPU
		{271ED812-87CB-4A81-92BE-8C9C6D35249C}.Release|x64.Build.0 = Release|Any CPU
		{271ED812-87CB-4A81-92BE-8C9C6D35249C}.Release|x86.ActiveCfg = Release|Any CPU
		{271ED812-87CB-4A81-92BE-8C9C6D35249C}.Release|x86.Build.0 = Release|Any CPU
		{3CDD89CC-0A64-4875-8BB0-99C968AD43B5}.Debug|Any CPU.ActiveCfg = Debug|Any CPU
		{3CDD89CC-0A64-4875-8BB0-99C968AD43B5}.Debug|Any CPU.Build.0 = Debug|Any CPU
		{3CDD89CC-0A64-4875-8BB0-99C968AD43B5}.Debug|x64.ActiveCfg = Debug|Any CPU
		{3CDD89CC-0A64-4875-8BB0-99C968AD43B5}.Debug|x64.Build.0 = Debug|Any CPU
		{3CDD89CC-0A64-4875-8BB0-99C968AD43B5}.Debug|x86.ActiveCfg = Debug|Any CPU
		{3CDD89CC-0A64-4875-8BB0-99C968AD43B5}.Debug|x86.Build.0 = Debug|Any CPU
		{3CDD89CC-0A64-4875-8BB0-99C968AD43B5}.Release|Any CPU.ActiveCfg = Release|Any CPU
		{3CDD89CC-0A64-4875-8BB0-99C968AD43B5}.Release|Any CPU.Build.0 = Release|Any CPU
		{3CDD89CC-0A64-4875-8BB0-99C968AD43B5}.Release|x64.ActiveCfg = Release|Any CPU
		{3CDD89CC-0A64-4875-8BB0-99C968AD43B5}.Release|x64.Build.0 = Release|Any CPU
		{3CDD89CC-0A64-4875-8BB0-99C968AD43B5}.Release|x86.ActiveCfg = Release|Any CPU
		{3CDD89CC-0A64-4875-8BB0-99C968AD43B5}.Release|x86.Build.0 = Release|Any CPU
		{355B027C-1A0C-44F8-BC40-0E3D3121698B}.Debug|Any CPU.ActiveCfg = Debug|Any CPU
		{355B027C-1A0C-44F8-BC40-0E3D3121698B}.Debug|Any CPU.Build.0 = Debug|Any CPU
		{355B027C-1A0C-44F8-BC40-0E3D3121698B}.Debug|x64.ActiveCfg = Debug|Any CPU
		{355B027C-1A0C-44F8-BC40-0E3D3121698B}.Debug|x64.Build.0 = Debug|Any CPU
		{355B027C-1A0C-44F8-BC40-0E3D3121698B}.Debug|x86.ActiveCfg = Debug|Any CPU
		{355B027C-1A0C-44F8-BC40-0E3D3121698B}.Debug|x86.Build.0 = Debug|Any CPU
		{355B027C-1A0C-44F8-BC40-0E3D3121698B}.Release|Any CPU.ActiveCfg = Release|Any CPU
		{355B027C-1A0C-44F8-BC40-0E3D3121698B}.Release|Any CPU.Build.0 = Release|Any CPU
		{355B027C-1A0C-44F8-BC40-0E3D3121698B}.Release|x64.ActiveCfg = Release|Any CPU
		{355B027C-1A0C-44F8-BC40-0E3D3121698B}.Release|x64.Build.0 = Release|Any CPU
		{355B027C-1A0C-44F8-BC40-0E3D3121698B}.Release|x86.ActiveCfg = Release|Any CPU
		{355B027C-1A0C-44F8-BC40-0E3D3121698B}.Release|x86.Build.0 = Release|Any CPU
		{88317055-2F7B-435A-9E3A-2BC33016859D}.Debug|Any CPU.ActiveCfg = Debug|Win32
		{88317055-2F7B-435A-9E3A-2BC33016859D}.Debug|x64.ActiveCfg = Debug|x64
		{88317055-2F7B-435A-9E3A-2BC33016859D}.Debug|x64.Build.0 = Debug|x64
		{88317055-2F7B-435A-9E3A-2BC33016859D}.Debug|x86.ActiveCfg = Debug|Win32
		{88317055-2F7B-435A-9E3A-2BC33016859D}.Debug|x86.Build.0 = Debug|Win32
		{88317055-2F7B-435A-9E3A-2BC33016859D}.Release|Any CPU.ActiveCfg = Release|Win32
		{88317055-2F7B-435A-9E3A-2BC33016859D}.Release|x64.ActiveCfg = Release|x64
		{88317055-2F7B-435A-9E3A-2BC33016859D}.Release|x64.Build.0 = Release|x64
		{88317055-2F7B-435A-9E3A-2BC33016859D}.Release|x86.ActiveCfg = Release|Win32
		{88317055-2F7B-435A-9E3A-2BC33016859D}.Release|x86.Build.0 = Release|Win32
	EndGlobalSection
	GlobalSection(SolutionProperties) = preSolution
		HideSolutionNode = FALSE
	EndGlobalSection
EndGlobal
